
Microsoft Visual Studio Solution File, Format Version 12.00
# Visual Studio Version 16
VisualStudioVersion = 16.0.29215.179
MinimumVisualStudioVersion = 10.0.40219.1
Project("{9A19103F-16F7-4668-BE54-9A1E7A4F7556}") = "CPTAPP.Business", "src\CPTAPP.Business\CPTAPP.Business.csproj", "{3087592F-5EA4-4EB9-BC44-42FE99E5755B}"
EndProject
Project("{9A19103F-16F7-4668-BE54-9A1E7A4F7556}") = "CPTAPP.Data", "src\CPTAPP.Data\CPTAPP.Data.csproj", "{F837DB3C-D7E6-47D5-9323-02892B3B3441}"
EndProject
Project("{FAE04EC0-301F-11D3-BF4B-00C04F79EFBC}") = "CPTAPP.Api", "src\CPTAPP.Api\CPTAPP.Api.csproj", "{29C6A745-BDB7-4AE7-9CDF-9D5D876F2EAE}"
EndProject
Global
	GlobalSection(SolutionConfigurationPlatforms) = preSolution
		Debug|Any CPU = Debug|Any CPU
		Release|Any CPU = Release|Any CPU
	EndGlobalSection
	GlobalSection(ProjectConfigurationPlatforms) = postSolution
		{3087592F-5EA4-4EB9-BC44-42FE99E5755B}.Debug|Any CPU.ActiveCfg = Debug|Any CPU
		{3087592F-5EA4-4EB9-BC44-42FE99E5755B}.Debug|Any CPU.Build.0 = Debug|Any CPU
		{3087592F-5EA4-4EB9-BC44-42FE99E5755B}.Release|Any CPU.ActiveCfg = Release|Any CPU
		{3087592F-5EA4-4EB9-BC44-42FE99E5755B}.Release|Any CPU.Build.0 = Release|Any CPU
		{F837DB3C-D7E6-47D5-9323-02892B3B3441}.Debug|Any CPU.ActiveCfg = Debug|Any CPU
		{F837DB3C-D7E6-47D5-9323-02892B3B3441}.Debug|Any CPU.Build.0 = Debug|Any CPU
		{F837DB3C-D7E6-47D5-9323-02892B3B3441}.Release|Any CPU.ActiveCfg = Release|Any CPU
		{F837DB3C-D7E6-47D5-9323-02892B3B3441}.Release|Any CPU.Build.0 = Release|Any CPU
		{29C6A745-BDB7-4AE7-9CDF-9D5D876F2EAE}.Debug|Any CPU.ActiveCfg = Debug|Any CPU
		{29C6A745-BDB7-4AE7-9CDF-9D5D876F2EAE}.Debug|Any CPU.Build.0 = Debug|Any CPU
		{29C6A745-BDB7-4AE7-9CDF-9D5D876F2EAE}.Release|Any CPU.ActiveCfg = Release|Any CPU
		{29C6A745-BDB7-4AE7-9CDF-9D5D876F2EAE}.Release|Any CPU.Build.0 = Release|Any CPU
	EndGlobalSection
	GlobalSection(SolutionProperties) = preSolution
		HideSolutionNode = FALSE
	EndGlobalSection
	GlobalSection(ExtensibilityGlobals) = postSolution
		SolutionGuid = {68A1BFF7-C052-4107-8D69-EFA19AAA5CA5}
	EndGlobalSection
EndGlobal
